
Microsoft Visual Studio Solution File, Format Version 12.00
# Visual Studio Version 17
VisualStudioVersion = 17.9.34607.119
MinimumVisualStudioVersion = 10.0.40219.1
Project("{9A19103F-16F7-4668-BE54-9A1E7A4F7556}") = "AtataUITests", "AtataUITests\AtataUITests.csproj", "{1855E877-3CD1-4C20-9689-7E0543126D6A}"
EndProject
Project("{9A19103F-16F7-4668-BE54-9A1E7A4F7556}") = "NUnitTests", "NUnitTests\NUnitTests.csproj", "{B5141481-09DA-47AC-A582-8AE96B26F7A2}"
EndProject
Project("{9A19103F-16F7-4668-BE54-9A1E7A4F7556}") = "PlaywrigthUITests", "PlaywrigthUITests\PlaywrigthUITests.csproj", "{7EBE0D15-2330-4BFE-A211-A214557320CE}"
EndProject
Global
	GlobalSection(SolutionConfigurationPlatforms) = preSolution
		Debug|Any CPU = Debug|Any CPU
		Release|Any CPU = Release|Any CPU
	EndGlobalSection
	GlobalSection(ProjectConfigurationPlatforms) = postSolution
		{1855E877-3CD1-4C20-9689-7E0543126D6A}.Debug|Any CPU.ActiveCfg = Debug|Any CPU
		{1855E877-3CD1-4C20-9689-7E0543126D6A}.Debug|Any CPU.Build.0 = Debug|Any CPU
		{1855E877-3CD1-4C20-9689-7E0543126D6A}.Release|Any CPU.ActiveCfg = Release|Any CPU
		{1855E877-3CD1-4C20-9689-7E0543126D6A}.Release|Any CPU.Build.0 = Release|Any CPU
		{B5141481-09DA-47AC-A582-8AE96B26F7A2}.Debug|Any CPU.ActiveCfg = Debug|Any CPU
		{B5141481-09DA-47AC-A582-8AE96B26F7A2}.Debug|Any CPU.Build.0 = Debug|Any CPU
		{B5141481-09DA-47AC-A582-8AE96B26F7A2}.Release|Any CPU.ActiveCfg = Release|Any CPU
		{B5141481-09DA-47AC-A582-8AE96B26F7A2}.Release|Any CPU.Build.0 = Release|Any CPU
		{7EBE0D15-2330-4BFE-A211-A214557320CE}.Debug|Any CPU.ActiveCfg = Debug|Any CPU
		{7EBE0D15-2330-4BFE-A211-A214557320CE}.Debug|Any CPU.Build.0 = Debug|Any CPU
		{7EBE0D15-2330-4BFE-A211-A214557320CE}.Release|Any CPU.ActiveCfg = Release|Any CPU
		{7EBE0D15-2330-4BFE-A211-A214557320CE}.Release|Any CPU.Build.0 = Release|Any CPU
	EndGlobalSection
	GlobalSection(SolutionProperties) = preSolution
		HideSolutionNode = FALSE
	EndGlobalSection
	GlobalSection(ExtensibilityGlobals) = postSolution
		SolutionGuid = {E0BE4F5C-DCF9-4F2E-A10B-13EC74B8EA4D}
	EndGlobalSection
EndGlobal
